
Microsoft Visual Studio Solution File, Format Version 12.00
# Visual Studio Version 17
VisualStudioVersion = 17.5.33502.453
MinimumVisualStudioVersion = 10.0.40219.1
Project("{FAE04EC0-301F-11D3-BF4B-00C04F79EFBC}") = "Gauss_DesafiosLeo_30-04-23", "Gauss_DesafiosLeo_30-04-23\Gauss_DesafiosLeo_30-04-23.csproj", "{BB946B09-B684-482B-A101-CFAFF259753D}"
EndProject
Global
	GlobalSection(SolutionConfigurationPlatforms) = preSolution
		Debug|Any CPU = Debug|Any CPU
		Release|Any CPU = Release|Any CPU
	EndGlobalSection
	GlobalSection(ProjectConfigurationPlatforms) = postSolution
		{BB946B09-B684-482B-A101-CFAFF259753D}.Debug|Any CPU.ActiveCfg = Debug|Any CPU
		{BB946B09-B684-482B-A101-CFAFF259753D}.Debug|Any CPU.Build.0 = Debug|Any CPU
		{BB946B09-B684-482B-A101-CFAFF259753D}.Release|Any CPU.ActiveCfg = Release|Any CPU
		{BB946B09-B684-482B-A101-CFAFF259753D}.Release|Any CPU.Build.0 = Release|Any CPU
	EndGlobalSection
	GlobalSection(SolutionProperties) = preSolution
		HideSolutionNode = FALSE
	EndGlobalSection
	GlobalSection(ExtensibilityGlobals) = postSolution
		SolutionGuid = {F2680199-B9EB-4ED9-A114-1E86CF7D36CA}
	EndGlobalSection
EndGlobal
